
Microsoft Visual Studio Solution File, Format Version 12.00
# Visual Studio Version 17
VisualStudioVersion = 17.2.32516.85
MinimumVisualStudioVersion = 10.0.40219.1
Project("{FAE04EC0-301F-11D3-BF4B-00C04F79EFBC}") = "Parcial_1_LisbethTejada", "Parcial_1_LisbethTejada\Parcial_1_LisbethTejada.csproj", "{1787EDF0-3DA1-490D-AC1D-12CC6E1C9CE5}"
EndProject
Global
	GlobalSection(SolutionConfigurationPlatforms) = preSolution
		Debug|Any CPU = Debug|Any CPU
		Release|Any CPU = Release|Any CPU
	EndGlobalSection
	GlobalSection(ProjectConfigurationPlatforms) = postSolution
		{1787EDF0-3DA1-490D-AC1D-12CC6E1C9CE5}.Debug|Any CPU.ActiveCfg = Debug|Any CPU
		{1787EDF0-3DA1-490D-AC1D-12CC6E1C9CE5}.Debug|Any CPU.Build.0 = Debug|Any CPU
		{1787EDF0-3DA1-490D-AC1D-12CC6E1C9CE5}.Release|Any CPU.ActiveCfg = Release|Any CPU
		{1787EDF0-3DA1-490D-AC1D-12CC6E1C9CE5}.Release|Any CPU.Build.0 = Release|Any CPU
	EndGlobalSection
	GlobalSection(SolutionProperties) = preSolution
		HideSolutionNode = FALSE
	EndGlobalSection
	GlobalSection(ExtensibilityGlobals) = postSolution
		SolutionGuid = {EBE4A496-160A-4506-ACD6-04B9116C594C}
	EndGlobalSection
EndGlobal
